
Microsoft Visual Studio Solution File, Format Version 12.00
# Visual Studio 15
VisualStudioVersion = 15.0.27004.2009
MinimumVisualStudioVersion = 10.0.40219.1
Project("{9A19103F-16F7-4668-BE54-9A1E7A4F7556}") = "ElasticErrorRates.API", "ElasticErrorRates.API.csproj", "{DA0A0561-DC18-4011-9300-74C560EA755C}"
EndProject
Project("{9A19103F-16F7-4668-BE54-9A1E7A4F7556}") = "ElasticErrorRates.Core", "..\ElasticErrorRates.Core\ElasticErrorRates.Core.csproj", "{4581E36A-8097-43B9-8859-BBE63F82F233}"
EndProject
Project("{9A19103F-16F7-4668-BE54-9A1E7A4F7556}") = "ElasticErrorRates.Persistence", "..\ElasticErrorRates.Persistence\ElasticErrorRates.Persistence.csproj", "{80F9E31E-0B2C-4D71-87E4-52636EB0F7B9}"
EndProject
Project("{9A19103F-16F7-4668-BE54-9A1E7A4F7556}") = "ElasticErrorRates.CQRS", "..\ElasticErrorRates.CQRS\ElasticErrorRates.CQRS.csproj", "{E8397573-684E-4B9E-90BB-D1A5C048719B}"
EndProject
Project("{9A19103F-16F7-4668-BE54-9A1E7A4F7556}") = "ElasticErrorRates.Injection", "..\ElasticErrorRates.Injection\ElasticErrorRates.Injection.csproj", "{869C01ED-8316-43EA-A805-0C0547F31569}"
EndProject
Project("{9A19103F-16F7-4668-BE54-9A1E7A4F7556}") = "ElasticErrorRates.Hangfire", "..\ElasticErrorRates.Hangfire\ElasticErrorRates.Hangfire.csproj", "{BB2BBF98-DF6A-4EA5-BDE0-87DACFB56E92}"
EndProject
Project("{FAE04EC0-301F-11D3-BF4B-00C04F79EFBC}") = "ElasticErrorRates.SignalR", "..\ElasticErrorRates.SignalR\ElasticErrorRates.SignalR.csproj", "{FD603C82-6DC3-495D-9FB1-1E65B241AEEA}"
EndProject
Global
	GlobalSection(SolutionConfigurationPlatforms) = preSolution
		Debug|Any CPU = Debug|Any CPU
		Release|Any CPU = Release|Any CPU
	EndGlobalSection
	GlobalSection(ProjectConfigurationPlatforms) = postSolution
		{DA0A0561-DC18-4011-9300-74C560EA755C}.Debug|Any CPU.ActiveCfg = Debug|Any CPU
		{DA0A0561-DC18-4011-9300-74C560EA755C}.Debug|Any CPU.Build.0 = Debug|Any CPU
		{DA0A0561-DC18-4011-9300-74C560EA755C}.Release|Any CPU.ActiveCfg = Release|Any CPU
		{DA0A0561-DC18-4011-9300-74C560EA755C}.Release|Any CPU.Build.0 = Release|Any CPU
		{4581E36A-8097-43B9-8859-BBE63F82F233}.Debug|Any CPU.ActiveCfg = Debug|Any CPU
		{4581E36A-8097-43B9-8859-BBE63F82F233}.Debug|Any CPU.Build.0 = Debug|Any CPU
		{4581E36A-8097-43B9-8859-BBE63F82F233}.Release|Any CPU.ActiveCfg = Release|Any CPU
		{4581E36A-8097-43B9-8859-BBE63F82F233}.Release|Any CPU.Build.0 = Release|Any CPU
		{80F9E31E-0B2C-4D71-87E4-52636EB0F7B9}.Debug|Any CPU.ActiveCfg = Debug|Any CPU
		{80F9E31E-0B2C-4D71-87E4-52636EB0F7B9}.Debug|Any CPU.Build.0 = Debug|Any CPU
		{80F9E31E-0B2C-4D71-87E4-52636EB0F7B9}.Release|Any CPU.ActiveCfg = Release|Any CPU
		{80F9E31E-0B2C-4D71-87E4-52636EB0F7B9}.Release|Any CPU.Build.0 = Release|Any CPU
		{E8397573-684E-4B9E-90BB-D1A5C048719B}.Debug|Any CPU.ActiveCfg = Debug|Any CPU
		{E8397573-684E-4B9E-90BB-D1A5C048719B}.Debug|Any CPU.Build.0 = Debug|Any CPU
		{E8397573-684E-4B9E-90BB-D1A5C048719B}.Release|Any CPU.ActiveCfg = Release|Any CPU
		{E8397573-684E-4B9E-90BB-D1A5C048719B}.Release|Any CPU.Build.0 = Release|Any CPU
		{869C01ED-8316-43EA-A805-0C0547F31569}.Debug|Any CPU.ActiveCfg = Debug|Any CPU
		{869C01ED-8316-43EA-A805-0C0547F31569}.Debug|Any CPU.Build.0 = Debug|Any CPU
		{869C01ED-8316-43EA-A805-0C0547F31569}.Release|Any CPU.ActiveCfg = Release|Any CPU
		{869C01ED-8316-43EA-A805-0C0547F31569}.Release|Any CPU.Build.0 = Release|Any CPU
		{BB2BBF98-DF6A-4EA5-BDE0-87DACFB56E92}.Debug|Any CPU.ActiveCfg = Debug|Any CPU
		{BB2BBF98-DF6A-4EA5-BDE0-87DACFB56E92}.Debug|Any CPU.Build.0 = Debug|Any CPU
		{BB2BBF98-DF6A-4EA5-BDE0-87DACFB56E92}.Release|Any CPU.ActiveCfg = Release|Any CPU
		{BB2BBF98-DF6A-4EA5-BDE0-87DACFB56E92}.Release|Any CPU.Build.0 = Release|Any CPU
		{FD603C82-6DC3-495D-9FB1-1E65B241AEEA}.Debug|Any CPU.ActiveCfg = Debug|Any CPU
		{FD603C82-6DC3-495D-9FB1-1E65B241AEEA}.Debug|Any CPU.Build.0 = Debug|Any CPU
		{FD603C82-6DC3-495D-9FB1-1E65B241AEEA}.Release|Any CPU.ActiveCfg = Release|Any CPU
		{FD603C82-6DC3-495D-9FB1-1E65B241AEEA}.Release|Any CPU.Build.0 = Release|Any CPU
	EndGlobalSection
	GlobalSection(SolutionProperties) = preSolution
		HideSolutionNode = FALSE
	EndGlobalSection
	GlobalSection(ExtensibilityGlobals) = postSolution
		SolutionGuid = {DFA7D9F7-DA8A-42DB-95E6-256D8794BA7A}
	EndGlobalSection
EndGlobal
